
Microsoft Visual Studio Solution File, Format Version 12.00
Project("{8BC9CEB8-8B4A-11D0-8D11-00A0C91BC942}") = "MineNavMesh", "MineNavMesh.vcxproj", "{816063E4-0C4B-443B-8A84-C63A03ECA7D8}"
EndProject
Project("{8BC9CEB8-8B4A-11D0-8D11-00A0C91BC942}") = "A_TriangulationByEarClipping", "A_TriangulationByEarClipping\A_TriangulationByEarClipping.vcxproj", "{0441420F-F016-4DF2-AFD0-9E908EC50D8E}"
EndProject
Project("{8BC9CEB8-8B4A-11D0-8D11-00A0C91BC942}") = "Base", "Base\Base.vcxproj", "{C1CB6449-454D-4F08-B369-1C6D8694431F}"
EndProject
Project("{8BC9CEB8-8B4A-11D0-8D11-00A0C91BC942}") = "B_Vatti_Clipping", "B_Vatti_Clipping\B_Vatti_Clipping.vcxproj", "{79AFD0C5-99BC-4958-A9FB-379EA27FC47B}"
EndProject
Project("{8BC9CEB8-8B4A-11D0-8D11-00A0C91BC942}") = "C_Triangulation_After_Vatti", "C_Triangulation_After_Vatti\C_Triangulation_After_Vatti.vcxproj", "{8492DC1F-A81E-47EB-8093-D516314BFB27}"
EndProject
Project("{8BC9CEB8-8B4A-11D0-8D11-00A0C91BC942}") = "D_NavMesh", "D_NavMesh\D_NavMesh.vcxproj", "{8915B814-23B4-4912-9DEC-2F1D7968ECBB}"
EndProject
Global
	GlobalSection(SolutionConfigurationPlatforms) = preSolution
		Debug|Win32 = Debug|Win32
		Debug|x64 = Debug|x64
		Release|Win32 = Release|Win32
		Release|x64 = Release|x64
	EndGlobalSection
	GlobalSection(ProjectConfigurationPlatforms) = postSolution
		{816063E4-0C4B-443B-8A84-C63A03ECA7D8}.Debug|Win32.ActiveCfg = Debug|Win32
		{816063E4-0C4B-443B-8A84-C63A03ECA7D8}.Debug|Win32.Build.0 = Debug|Win32
		{816063E4-0C4B-443B-8A84-C63A03ECA7D8}.Debug|x64.ActiveCfg = Debug|x64
		{816063E4-0C4B-443B-8A84-C63A03ECA7D8}.Debug|x64.Build.0 = Debug|x64
		{816063E4-0C4B-443B-8A84-C63A03ECA7D8}.Release|Win32.ActiveCfg = Release|Win32
		{816063E4-0C4B-443B-8A84-C63A03ECA7D8}.Release|Win32.Build.0 = Release|Win32
		{816063E4-0C4B-443B-8A84-C63A03ECA7D8}.Release|x64.ActiveCfg = Release|x64
		{816063E4-0C4B-443B-8A84-C63A03ECA7D8}.Release|x64.Build.0 = Release|x64
		{0441420F-F016-4DF2-AFD0-9E908EC50D8E}.Debug|Win32.ActiveCfg = Debug|Win32
		{0441420F-F016-4DF2-AFD0-9E908EC50D8E}.Debug|Win32.Build.0 = Debug|Win32
		{0441420F-F016-4DF2-AFD0-9E908EC50D8E}.Debug|x64.ActiveCfg = Debug|x64
		{0441420F-F016-4DF2-AFD0-9E908EC50D8E}.Debug|x64.Build.0 = Debug|x64
		{0441420F-F016-4DF2-AFD0-9E908EC50D8E}.Release|Win32.ActiveCfg = Release|Win32
		{0441420F-F016-4DF2-AFD0-9E908EC50D8E}.Release|Win32.Build.0 = Release|Win32
		{0441420F-F016-4DF2-AFD0-9E908EC50D8E}.Release|x64.ActiveCfg = Release|x64
		{0441420F-F016-4DF2-AFD0-9E908EC50D8E}.Release|x64.Build.0 = Release|x64
		{C1CB6449-454D-4F08-B369-1C6D8694431F}.Debug|Win32.ActiveCfg = Debug|Win32
		{C1CB6449-454D-4F08-B369-1C6D8694431F}.Debug|Win32.Build.0 = Debug|Win32
		{C1CB6449-454D-4F08-B369-1C6D8694431F}.Debug|x64.ActiveCfg = Debug|x64
		{C1CB6449-454D-4F08-B369-1C6D8694431F}.Debug|x64.Build.0 = Debug|x64
		{C1CB6449-454D-4F08-B369-1C6D8694431F}.Release|Win32.ActiveCfg = Release|Win32
		{C1CB6449-454D-4F08-B369-1C6D8694431F}.Release|Win32.Build.0 = Release|Win32
		{C1CB6449-454D-4F08-B369-1C6D8694431F}.Release|x64.ActiveCfg = Release|x64
		{C1CB6449-454D-4F08-B369-1C6D8694431F}.Release|x64.Build.0 = Release|x64
		{79AFD0C5-99BC-4958-A9FB-379EA27FC47B}.Debug|Win32.ActiveCfg = Debug|Win32
		{79AFD0C5-99BC-4958-A9FB-379EA27FC47B}.Debug|Win32.Build.0 = Debug|Win32
		{79AFD0C5-99BC-4958-A9FB-379EA27FC47B}.Debug|x64.ActiveCfg = Debug|x64
		{79AFD0C5-99BC-4958-A9FB-379EA27FC47B}.Debug|x64.Build.0 = Debug|x64
		{79AFD0C5-99BC-4958-A9FB-379EA27FC47B}.Release|Win32.ActiveCfg = Release|Win32
		{79AFD0C5-99BC-4958-A9FB-379EA27FC47B}.Release|Win32.Build.0 = Release|Win32
		{79AFD0C5-99BC-4958-A9FB-379EA27FC47B}.Release|x64.ActiveCfg = Release|x64
		{79AFD0C5-99BC-4958-A9FB-379EA27FC47B}.Release|x64.Build.0 = Release|x64
		{8492DC1F-A81E-47EB-8093-D516314BFB27}.Debug|Win32.ActiveCfg = Debug|Win32
		{8492DC1F-A81E-47EB-8093-D516314BFB27}.Debug|Win32.Build.0 = Debug|Win32
		{8492DC1F-A81E-47EB-8093-D516314BFB27}.Debug|x64.ActiveCfg = Debug|x64
		{8492DC1F-A81E-47EB-8093-D516314BFB27}.Debug|x64.Build.0 = Debug|x64
		{8492DC1F-A81E-47EB-8093-D516314BFB27}.Release|Win32.ActiveCfg = Release|Win32
		{8492DC1F-A81E-47EB-8093-D516314BFB27}.Release|Win32.Build.0 = Release|Win32
		{8492DC1F-A81E-47EB-8093-D516314BFB27}.Release|x64.ActiveCfg = Release|x64
		{8492DC1F-A81E-47EB-8093-D516314BFB27}.Release|x64.Build.0 = Release|x64
		{8915B814-23B4-4912-9DEC-2F1D7968ECBB}.Debug|Win32.ActiveCfg = Debug|Win32
		{8915B814-23B4-4912-9DEC-2F1D7968ECBB}.Debug|Win32.Build.0 = Debug|Win32
		{8915B814-23B4-4912-9DEC-2F1D7968ECBB}.Debug|x64.ActiveCfg = Debug|x64
		{8915B814-23B4-4912-9DEC-2F1D7968ECBB}.Debug|x64.Build.0 = Debug|x64
		{8915B814-23B4-4912-9DEC-2F1D7968ECBB}.Release|Win32.ActiveCfg = Release|Win32
		{8915B814-23B4-4912-9DEC-2F1D7968ECBB}.Release|Win32.Build.0 = Release|Win32
		{8915B814-23B4-4912-9DEC-2F1D7968ECBB}.Release|x64.ActiveCfg = Release|x64
		{8915B814-23B4-4912-9DEC-2F1D7968ECBB}.Release|x64.Build.0 = Release|x64
	EndGlobalSection
EndGlobal
